// !$*UTF8*$!
{
	archiveVersion = 1;
	classes = {
	};
	objectVersion = 50;
	objects = {

/* Begin PBXBuildFile section */
		E7C25FFB23C86E08007BE6A6 /* AppDelegate.swift in Sources */ = {isa = PBXBuildFile; fileRef = E7C25FFA23C86E08007BE6A6 /* AppDelegate.swift */; };
		E7C25FFD23C86E08007BE6A6 /* SceneDelegate.swift in Sources */ = {isa = PBXBuildFile; fileRef = E7C25FFC23C86E08007BE6A6 /* SceneDelegate.swift */; };
		E7C25FFF23C86E08007BE6A6 /* ViewController.swift in Sources */ = {isa = PBXBuildFile; fileRef = E7C25FFE23C86E08007BE6A6 /* ViewController.swift */; };
		E7C2600223C86E08007BE6A6 /* Main.storyboard in Resources */ = {isa = PBXBuildFile; fileRef = E7C2600023C86E08007BE6A6 /* Main.storyboard */; };
		E7C2600423C86E09007BE6A6 /* Assets.xcassets in Resources */ = {isa = PBXBuildFile; fileRef = E7C2600323C86E09007BE6A6 /* Assets.xcassets */; };
		E7C2600723C86E09007BE6A6 /* LaunchScreen.storyboard in Resources */ = {isa = PBXBuildFile; fileRef = E7C2600523C86E09007BE6A6 /* LaunchScreen.storyboard */; };
		E7C2601223C86E09007BE6A6 /* testprojectTests.swift in Sources */ = {isa = PBXBuildFile; fileRef = E7C2601123C86E09007BE6A6 /* testprojectTests.swift */; };
		E7C2601D23C86E09007BE6A6 /* testprojectUITests.swift in Sources */ = {isa = PBXBuildFile; fileRef = E7C2601C23C86E09007BE6A6 /* testprojectUITests.swift */; };
/* End PBXBuildFile section */

/* Begin PBXContainerItemProxy section */
		E7C2600E23C86E09007BE6A6 /* PBXContainerItemProxy */ = {
			isa = PBXContainerItemProxy;
			containerPortal = E7C25FEF23C86E08007BE6A6 /* Project object */;
			proxyType = 1;
			remoteGlobalIDString = E7C25FF623C86E08007BE6A6;
			remoteInfo = testproject;
		};
		E7C2601923C86E09007BE6A6 /* PBXContainerItemProxy */ = {
			isa = PBXContainerItemProxy;
			containerPortal = E7C25FEF23C86E08007BE6A6 /* Project object */;
			proxyType = 1;
			remoteGlobalIDString = E7C25FF623C86E08007BE6A6;
			remoteInfo = testproject;
		};
/* End PBXContainerItemProxy section */

/* Begin PBXFileReference section */
		E7C25FF723C86E08007BE6A6 /* testproject.app */ = {isa = PBXFileReference; explicitFileType = wrapper.application; includeInIndex = 0; path = testproject.app; sourceTree = BUILT_PRODUCTS_DIR; };
		E7C25FFA23C86E08007BE6A6 /* AppDelegate.swift */ = {isa = PBXFileReference; lastKnownFileType = sourcecode.swift; path = AppDelegate.swift; sourceTree = "<group>"; };
		E7C25FFC23C86E08007BE6A6 /* SceneDelegate.swift */ = {isa = PBXFileReference; lastKnownFileType = sourcecode.swift; path = SceneDelegate.swift; sourceTree = "<group>"; };
		E7C25FFE23C86E08007BE6A6 /* ViewController.swift */ = {isa = PBXFileReference; lastKnownFileType = sourcecode.swift; path = ViewController.swift; sourceTree = "<group>"; };
		E7C2600123C86E08007BE6A6 /* Base */ = {isa = PBXFileReference; lastKnownFileType = file.storyboard; name = Base; path = Base.lproj/Main.storyboard; sourceTree = "<group>"; };
		E7C2600323C86E09007BE6A6 /* Assets.xcassets */ = {isa = PBXFileReference; lastKnownFileType = folder.assetcatalog; path = Assets.xcassets; sourceTree = "<group>"; };
		E7C2600623C86E09007BE6A6 /* Base */ = {isa = PBXFileReference; lastKnownFileType = file.storyboard; name = Base; path = Base.lproj/LaunchScreen.storyboard; sourceTree = "<group>"; };
		E7C2600823C86E09007BE6A6 /* Info.plist */ = {isa = PBXFileReference; lastKnownFileType = text.plist.xml; path = Info.plist; sourceTree = "<group>"; };
		E7C2600D23C86E09007BE6A6 /* testprojectTests.xctest */ = {isa = PBXFileReference; explicitFileType = wrapper.cfbundle; includeInIndex = 0; path = testprojectTests.xctest; sourceTree = BUILT_PRODUCTS_DIR; };
		E7C2601123C86E09007BE6A6 /* testprojectTests.swift */ = {isa = PBXFileReference; lastKnownFileType = sourcecode.swift; path = testprojectTests.swift; sourceTree = "<group>"; };
		E7C2601323C86E09007BE6A6 /* Info.plist */ = {isa = PBXFileReference; lastKnownFileType = text.plist.xml; path = Info.plist; sourceTree = "<group>"; };
		E7C2601823C86E09007BE6A6 /* testprojectUITests.xctest */ = {isa = PBXFileReference; explicitFileType = wrapper.cfbundle; includeInIndex = 0; path = testprojectUITests.xctest; sourceTree = BUILT_PRODUCTS_DIR; };
		E7C2601C23C86E09007BE6A6 /* testprojectUITests.swift */ = {isa = PBXFileReference; lastKnownFileType = sourcecode.swift; path = testprojectUITests.swift; sourceTree = "<group>"; };
		E7C2601E23C86E09007BE6A6 /* Info.plist */ = {isa = PBXFileReference; lastKnownFileType = text.plist.xml; path = Info.plist; sourceTree = "<group>"; };
/* End PBXFileReference section */

/* Begin PBXFrameworksBuildPhase section */
		E7C25FF423C86E08007BE6A6 /* Frameworks */ = {
			isa = PBXFrameworksBuildPhase;
			buildActionMask = 2147483647;
			files = (
			);
			runOnlyForDeploymentPostprocessing = 0;
		};
		E7C2600A23C86E09007BE6A6 /* Frameworks */ = {
			isa = PBXFrameworksBuildPhase;
			buildActionMask = 2147483647;
			files = (
			);
			runOnlyForDeploymentPostprocessing = 0;
		};
		E7C2601523C86E09007BE6A6 /* Frameworks */ = {
			isa = PBXFrameworksBuildPhase;
			buildActionMask = 2147483647;
			files = (
			);
			runOnlyForDeploymentPostprocessing = 0;
		};
/* End PBXFrameworksBuildPhase section */

/* Begin PBXGroup section */
		E7C25FEE23C86E08007BE6A6 = {
			isa = PBXGroup;
			children = (
				E7C25FF923C86E08007BE6A6 /* testproject */,
				E7C2601023C86E09007BE6A6 /* testprojectTests */,
				E7C2601B23C86E09007BE6A6 /* testprojectUITests */,
				E7C25FF823C86E08007BE6A6 /* Products */,
			);
			sourceTree = "<group>";
		};
		E7C25FF823C86E08007BE6A6 /* Products */ = {
			isa = PBXGroup;
			children = (
				E7C25FF723C86E08007BE6A6 /* testproject.app */,
				E7C2600D23C86E09007BE6A6 /* testprojectTests.xctest */,
				E7C2601823C86E09007BE6A6 /* testprojectUITests.xctest */,
			);
			name = Products;
			sourceTree = "<group>";
		};
		E7C25FF923C86E08007BE6A6 /* testproject */ = {
			isa = PBXGroup;
			children = (
				E7C25FFA23C86E08007BE6A6 /* AppDelegate.swift */,
				E7C25FFC23C86E08007BE6A6 /* SceneDelegate.swift */,
				E7C25FFE23C86E08007BE6A6 /* ViewController.swift */,
				E7C2600023C86E08007BE6A6 /* Main.storyboard */,
				E7C2600323C86E09007BE6A6 /* Assets.xcassets */,
				E7C2600523C86E09007BE6A6 /* LaunchScreen.storyboard */,
				E7C2600823C86E09007BE6A6 /* Info.plist */,
			);
			path = testproject;
			sourceTree = "<group>";
		};
		E7C2601023C86E09007BE6A6 /* testprojectTests */ = {
			isa = PBXGroup;
			children = (
				E7C2601123C86E09007BE6A6 /* testprojectTests.swift */,
				E7C2601323C86E09007BE6A6 /* Info.plist */,
			);
			path = testprojectTests;
			sourceTree = "<group>";
		};
		E7C2601B23C86E09007BE6A6 /* testprojectUITests */ = {
			isa = PBXGroup;
			children = (
				E7C2601C23C86E09007BE6A6 /* testprojectUITests.swift */,
				E7C2601E23C86E09007BE6A6 /* Info.plist */,
			);
			path = testprojectUITests;
			sourceTree = "<group>";
		};
/* End PBXGroup section */

/* Begin PBXNativeTarget section */
		E7C25FF623C86E08007BE6A6 /* testproject */ = {
			isa = PBXNativeTarget;
			buildConfigurationList = E7C2602123C86E09007BE6A6 /* Build configuration list for PBXNativeTarget "testproject" */;
			buildPhases = (
				E7C25FF323C86E08007BE6A6 /* Sources */,
				E7C25FF423C86E08007BE6A6 /* Frameworks */,
				E7C25FF523C86E08007BE6A6 /* Resources */,
			);
			buildRules = (
			);
			dependencies = (
			);
			name = testproject;
			productName = testproject;
			productReference = E7C25FF723C86E08007BE6A6 /* testproject.app */;
			productType = "com.apple.product-type.application";
		};
		E7C2600C23C86E09007BE6A6 /* testprojectTests */ = {
			isa = PBXNativeTarget;
			buildConfigurationList = E7C2602423C86E09007BE6A6 /* Build configuration list for PBXNativeTarget "testprojectTests" */;
			buildPhases = (
				E7C2600923C86E09007BE6A6 /* Sources */,
				E7C2600A23C86E09007BE6A6 /* Frameworks */,
				E7C2600B23C86E09007BE6A6 /* Resources */,
			);
			buildRules = (
			);
			dependencies = (
				E7C2600F23C86E09007BE6A6 /* PBXTargetDependency */,
			);
			name = testprojectTests;
			productName = testprojectTests;
			productReference = E7C2600D23C86E09007BE6A6 /* testprojectTests.xctest */;
			productType = "com.apple.product-type.bundle.unit-test";
		};
		E7C2601723C86E09007BE6A6 /* testprojectUITests */ = {
			isa = PBXNativeTarget;
			buildConfigurationList = E7C2602723C86E09007BE6A6 /* Build configuration list for PBXNativeTarget "testprojectUITests" */;
			buildPhases = (
				E7C2601423C86E09007BE6A6 /* Sources */,
				E7C2601523C86E09007BE6A6 /* Frameworks */,
				E7C2601623C86E09007BE6A6 /* Resources */,
			);
			buildRules = (
			);
			dependencies = (
				E7C2601A23C86E09007BE6A6 /* PBXTargetDependency */,
			);
			name = testprojectUITests;
			productName = testprojectUITests;
			productReference = E7C2601823C86E09007BE6A6 /* testprojectUITests.xctest */;
			productType = "com.apple.product-type.bundle.ui-testing";
		};
/* End PBXNativeTarget section */

/* Begin PBXProject section */
		E7C25FEF23C86E08007BE6A6 /* Project object */ = {
			isa = PBXProject;
			attributes = {
				LastSwiftUpdateCheck = 1110;
				LastUpgradeCheck = 1110;
				ORGANIZATIONNAME = "Antti Karjalainen";
				TargetAttributes = {
					E7C25FF623C86E08007BE6A6 = {
						CreatedOnToolsVersion = 11.1;
					};
					E7C2600C23C86E09007BE6A6 = {
						CreatedOnToolsVersion = 11.1;
						TestTargetID = E7C25FF623C86E08007BE6A6;
					};
					E7C2601723C86E09007BE6A6 = {
						CreatedOnToolsVersion = 11.1;
						TestTargetID = E7C25FF623C86E08007BE6A6;
					};
				};
			};
			buildConfigurationList = E7C25FF223C86E08007BE6A6 /* Build configuration list for PBXProject "testproject" */;
			compatibilityVersion = "Xcode 9.3";
			developmentRegion = en;
			hasScannedForEncodings = 0;
			knownRegions = (
				en,
				Base,
			);
			mainGroup = E7C25FEE23C86E08007BE6A6;
			productRefGroup = E7C25FF823C86E08007BE6A6 /* Products */;
			projectDirPath = "";
			projectRoot = "";
			targets = (
				E7C25FF623C86E08007BE6A6 /* testproject */,
				E7C2600C23C86E09007BE6A6 /* testprojectTests */,
				E7C2601723C86E09007BE6A6 /* testprojectUITests */,
			);
		};
/* End PBXProject section */

/* Begin PBXResourcesBuildPhase section */
		E7C25FF523C86E08007BE6A6 /* Resources */ = {
			isa = PBXResourcesBuildPhase;
			buildActionMask = 2147483647;
			files = (
				E7C2600723C86E09007BE6A6 /* LaunchScreen.storyboard in Resources */,
				E7C2600423C86E09007BE6A6 /* Assets.xcassets in Resources */,
				E7C2600223C86E08007BE6A6 /* Main.storyboard in Resources */,
			);
			runOnlyForDeploymentPostprocessing = 0;
		};
		E7C2600B23C86E09007BE6A6 /* Resources */ = {
			isa = PBXResourcesBuildPhase;
			buildActionMask = 2147483647;
			files = (
			);
			runOnlyForDeploymentPostprocessing = 0;
		};
		E7C2601623C86E09007BE6A6 /* Resources */ = {
			isa = PBXResourcesBuildPhase;
			buildActionMask = 2147483647;
			files = (
			);
			runOnlyForDeploymentPostprocessing = 0;
		};
/* End PBXResourcesBuildPhase section */

/* Begin PBXSourcesBuildPhase section */
		E7C25FF323C86E08007BE6A6 /* Sources */ = {
			isa = PBXSourcesBuildPhase;
			buildActionMask = 2147483647;
			files = (
				E7C25FFF23C86E08007BE6A6 /* ViewController.swift in Sources */,
				E7C25FFB23C86E08007BE6A6 /* AppDelegate.swift in Sources */,
				E7C25FFD23C86E08007BE6A6 /* SceneDelegate.swift in Sources */,
			);
			runOnlyForDeploymentPostprocessing = 0;
		};
		E7C2600923C86E09007BE6A6 /* Sources */ = {
			isa = PBXSourcesBuildPhase;
			buildActionMask = 2147483647;
			files = (
				E7C2601223C86E09007BE6A6 /* testprojectTests.swift in Sources */,
			);
			runOnlyForDeploymentPostprocessing = 0;
		};
		E7C2601423C86E09007BE6A6 /* Sources */ = {
			isa = PBXSourcesBuildPhase;
			buildActionMask = 2147483647;
			files = (
				E7C2601D23C86E09007BE6A6 /* testprojectUITests.swift in Sources */,
			);
			runOnlyForDeploymentPostprocessing = 0;
		};
/* End PBXSourcesBuildPhase section */

/* Begin PBXTargetDependency section */
		E7C2600F23C86E09007BE6A6 /* PBXTargetDependency */ = {
			isa = PBXTargetDependency;
			target = E7C25FF623C86E08007BE6A6 /* testproject */;
			targetProxy = E7C2600E23C86E09007BE6A6 /* PBXContainerItemProxy */;
		};
		E7C2601A23C86E09007BE6A6 /* PBXTargetDependency */ = {
			isa = PBXTargetDependency;
			target = E7C25FF623C86E08007BE6A6 /* testproject */;
			targetProxy = E7C2601923C86E09007BE6A6 /* PBXContainerItemProxy */;
		};
/* End PBXTargetDependency section */

/* Begin PBXVariantGroup section */
		E7C2600023C86E08007BE6A6 /* Main.storyboard */ = {
			isa = PBXVariantGroup;
			children = (
				E7C2600123C86E08007BE6A6 /* Base */,
			);
			name = Main.storyboard;
			sourceTree = "<group>";
		};
		E7C2600523C86E09007BE6A6 /* LaunchScreen.storyboard */ = {
			isa = PBXVariantGroup;
			children = (
				E7C2600623C86E09007BE6A6 /* Base */,
			);
			name = LaunchScreen.storyboard;
			sourceTree = "<group>";
		};
/* End PBXVariantGroup section */

/* Begin XCBuildConfiguration section */
		E7C2601F23C86E09007BE6A6 /* Debug */ = {
			isa = XCBuildConfiguration;
			buildSettings = {
				ALWAYS_SEARCH_USER_PATHS = NO;
				CLANG_ANALYZER_NONNULL = YES;
				CLANG_ANALYZER_NUMBER_OBJECT_CONVERSION = YES_AGGRESSIVE;
				CLANG_CXX_LANGUAGE_STANDARD = "gnu++14";
				CLANG_CXX_LIBRARY = "libc++";
				CLANG_ENABLE_MODULES = YES;
				CLANG_ENABLE_OBJC_ARC = YES;
				CLANG_ENABLE_OBJC_WEAK = YES;
				CLANG_WARN_BLOCK_CAPTURE_AUTORELEASING = YES;
				CLANG_WARN_BOOL_CONVERSION = YES;
				CLANG_WARN_COMMA = YES;
				CLANG_WARN_CONSTANT_CONVERSION = YES;
				CLANG_WARN_DEPRECATED_OBJC_IMPLEMENTATIONS = YES;
				CLANG_WARN_DIRECT_OBJC_ISA_USAGE = YES_ERROR;
				CLANG_WARN_DOCUMENTATION_COMMENTS = YES;
				CLANG_WARN_EMPTY_BODY = YES;
				CLANG_WARN_ENUM_CONVERSION = YES;
				CLANG_WARN_INFINITE_RECURSION = YES;
				CLANG_WARN_INT_CONVERSION = YES;
				CLANG_WARN_NON_LITERAL_NULL_CONVERSION = YES;
				CLANG_WARN_OBJC_IMPLICIT_RETAIN_SELF = YES;
				CLANG_WARN_OBJC_LITERAL_CONVERSION = YES;
				CLANG_WARN_OBJC_ROOT_CLASS = YES_ERROR;
				CLANG_WARN_RANGE_LOOP_ANALYSIS = YES;
				CLANG_WARN_STRICT_PROTOTYPES = YES;
				CLANG_WARN_SUSPICIOUS_MOVE = YES;
				CLANG_WARN_UNGUARDED_AVAILABILITY = YES_AGGRESSIVE;
				CLANG_WARN_UNREACHABLE_CODE = YES;
				CLANG_WARN__DUPLICATE_METHOD_MATCH = YES;
				COPY_PHASE_STRIP = NO;
				DEBUG_INFORMATION_FORMAT = dwarf;
				ENABLE_STRICT_OBJC_MSGSEND = YES;
				ENABLE_TESTABILITY = YES;
				GCC_C_LANGUAGE_STANDARD = gnu11;
				GCC_DYNAMIC_NO_PIC = NO;
				GCC_NO_COMMON_BLOCKS = YES;
				GCC_OPTIMIZATION_LEVEL = 0;
				GCC_PREPROCESSOR_DEFINITIONS = (
					"DEBUG=1",
					"$(inherited)",
				);
				GCC_WARN_64_TO_32_BIT_CONVERSION = YES;
				GCC_WARN_ABOUT_RETURN_TYPE = YES_ERROR;
				GCC_WARN_UNDECLARED_SELECTOR = YES;
				GCC_WARN_UNINITIALIZED_AUTOS = YES_AGGRESSIVE;
				GCC_WARN_UNUSED_FUNCTION = YES;
				GCC_WARN_UNUSED_VARIABLE = YES;
				IPHONEOS_DEPLOYMENT_TARGET = 13.1;
				MTL_ENABLE_DEBUG_INFO = INCLUDE_SOURCE;
				MTL_FAST_MATH = YES;
				ONLY_ACTIVE_ARCH = YES;
				SDKROOT = iphoneos;
				SWIFT_ACTIVE_COMPILATION_CONDITIONS = DEBUG;
				SWIFT_OPTIMIZATION_LEVEL = "-Onone";
			};
			name = Debug;
		};
		E7C2602023C86E09007BE6A6 /* Release */ = {
			isa = XCBuildConfiguration;
			buildSettings = {
				ALWAYS_SEARCH_USER_PATHS = NO;
				CLANG_ANALYZER_NONNULL = YES;
				CLANG_ANALYZER_NUMBER_OBJECT_CONVERSION = YES_AGGRESSIVE;
				CLANG_CXX_LANGUAGE_STANDARD = "gnu++14";
				CLANG_CXX_LIBRARY = "libc++";
				CLANG_ENABLE_MODULES = YES;
				CLANG_ENABLE_OBJC_ARC = YES;
				CLANG_ENABLE_OBJC_WEAK = YES;
				CLANG_WARN_BLOCK_CAPTURE_AUTORELEASING = YES;
				CLANG_WARN_BOOL_CONVERSION = YES;
				CLANG_WARN_COMMA = YES;
				CLANG_WARN_CONSTANT_CONVERSION = YES;
				CLANG_WARN_DEPRECATED_OBJC_IMPLEMENTATIONS = YES;
				CLANG_WARN_DIRECT_OBJC_ISA_USAGE = YES_ERROR;
				CLANG_WARN_DOCUMENTATION_COMMENTS = YES;
				CLANG_WARN_EMPTY_BODY = YES;
				CLANG_WARN_ENUM_CONVERSION = YES;
				CLANG_WARN_INFINITE_RECURSION = YES;
				CLANG_WARN_INT_CONVERSION = YES;
				CLANG_WARN_NON_LITERAL_NULL_CONVERSION = YES;
				CLANG_WARN_OBJC_IMPLICIT_RETAIN_SELF = YES;
				CLANG_WARN_OBJC_LITERAL_CONVERSION = YES;
				CLANG_WARN_OBJC_ROOT_CLASS = YES_ERROR;
				CLANG_WARN_RANGE_LOOP_ANALYSIS = YES;
				CLANG_WARN_STRICT_PROTOTYPES = YES;
				CLANG_WARN_SUSPICIOUS_MOVE = YES;
				CLANG_WARN_UNGUARDED_AVAILABILITY = YES_AGGRESSIVE;
				CLANG_WARN_UNREACHABLE_CODE = YES;
				CLANG_WARN__DUPLICATE_METHOD_MATCH = YES;
				COPY_PHASE_STRIP = NO;
				DEBUG_INFORMATION_FORMAT = "dwarf-with-dsym";
				ENABLE_NS_ASSERTIONS = NO;
				ENABLE_STRICT_OBJC_MSGSEND = YES;
				GCC_C_LANGUAGE_STANDARD = gnu11;
				GCC_NO_COMMON_BLOCKS = YES;
				GCC_WARN_64_TO_32_BIT_CONVERSION = YES;
				GCC_WARN_ABOUT_RETURN_TYPE = YES_ERROR;
				GCC_WARN_UNDECLARED_SELECTOR = YES;
				GCC_WARN_UNINITIALIZED_AUTOS = YES_AGGRESSIVE;
				GCC_WARN_UNUSED_FUNCTION = YES;
				GCC_WARN_UNUSED_VARIABLE = YES;
				IPHONEOS_DEPLOYMENT_TARGET = 13.1;
				MTL_ENABLE_DEBUG_INFO = NO;
				MTL_FAST_MATH = YES;
				SDKROOT = iphoneos;
				SWIFT_COMPILATION_MODE = wholemodule;
				SWIFT_OPTIMIZATION_LEVEL = "-O";
				VALIDATE_PRODUCT = YES;
			};
			name = Release;
		};
		E7C2602223C86E09007BE6A6 /* Debug */ = {
			isa = XCBuildConfiguration;
			buildSettings = {
				ASSETCATALOG_COMPILER_APPICON_NAME = AppIcon;
				CODE_SIGN_STYLE = Automatic;
				INFOPLIST_FILE = testproject/Info.plist;
				LD_RUNPATH_SEARCH_PATHS = (
					"$(inherited)",
					"@executable_path/Frameworks",
				);
				PRODUCT_BUNDLE_IDENTIFIER = com.product.testproject;
				PRODUCT_NAME = "$(TARGET_NAME)";
				SWIFT_VERSION = 5.0;
				TARGETED_DEVICE_FAMILY = "1,2";
			};
			name = Debug;
		};
		E7C2602323C86E09007BE6A6 /* Release */ = {
			isa = XCBuildConfiguration;
			buildSettings = {
				ASSETCATALOG_COMPILER_APPICON_NAME = AppIcon;
				CODE_SIGN_STYLE = Automatic;
				INFOPLIST_FILE = testproject/Info.plist;
				LD_RUNPATH_SEARCH_PATHS = (
					"$(inherited)",
					"@executable_path/Frameworks",
				);
				PRODUCT_BUNDLE_IDENTIFIER = com.product.testproject;
				PRODUCT_NAME = "$(TARGET_NAME)";
				SWIFT_VERSION = 5.0;
				TARGETED_DEVICE_FAMILY = "1,2";
			};
			name = Release;
		};
		E7C2602523C86E09007BE6A6 /* Debug */ = {
			isa = XCBuildConfiguration;
			buildSettings = {
				ALWAYS_EMBED_SWIFT_STANDARD_LIBRARIES = YES;
				BUNDLE_LOADER = "$(TEST_HOST)";
				CODE_SIGN_STYLE = Automatic;
				INFOPLIST_FILE = testprojectTests/Info.plist;
				IPHONEOS_DEPLOYMENT_TARGET = 13.1;
				LD_RUNPATH_SEARCH_PATHS = (
					"$(inherited)",
					"@executable_path/Frameworks",
					"@loader_path/Frameworks",
				);
				PRODUCT_BUNDLE_IDENTIFIER = com.product.testprojectTests;
				PRODUCT_NAME = "$(TARGET_NAME)";
				SWIFT_VERSION = 5.0;
				TARGETED_DEVICE_FAMILY = "1,2";
				TEST_HOST = "$(BUILT_PRODUCTS_DIR)/testproject.app/testproject";
			};
			name = Debug;
		};
		E7C2602623C86E09007BE6A6 /* Release */ = {
			isa = XCBuildConfiguration;
			buildSettings = {
				ALWAYS_EMBED_SWIFT_STANDARD_LIBRARIES = YES;
				BUNDLE_LOADER = "$(TEST_HOST)";
				CODE_SIGN_STYLE = Automatic;
				INFOPLIST_FILE = testprojectTests/Info.plist;
				IPHONEOS_DEPLOYMENT_TARGET = 13.1;
				LD_RUNPATH_SEARCH_PATHS = (
					"$(inherited)",
					"@executable_path/Frameworks",
					"@loader_path/Frameworks",
				);
				PRODUCT_BUNDLE_IDENTIFIER = com.product.testprojectTests;
				PRODUCT_NAME = "$(TARGET_NAME)";
				SWIFT_VERSION = 5.0;
				TARGETED_DEVICE_FAMILY = "1,2";
				TEST_HOST = "$(BUILT_PRODUCTS_DIR)/testproject.app/testproject";
			};
			name = Release;
		};
		E7C2602823C86E09007BE6A6 /* Debug */ = {
			isa = XCBuildConfiguration;
			buildSettings = {
				ALWAYS_EMBED_SWIFT_STANDARD_LIBRARIES = YES;
				CODE_SIGN_STYLE = Automatic;
				INFOPLIST_FILE = testprojectUITests/Info.plist;
				LD_RUNPATH_SEARCH_PATHS = (
					"$(inherited)",
					"@executable_path/Frameworks",
					"@loader_path/Frameworks",
				);
				PRODUCT_BUNDLE_IDENTIFIER = com.product.testprojectUITests;
				PRODUCT_NAME = "$(TARGET_NAME)";
				SWIFT_VERSION = 5.0;
				TARGETED_DEVICE_FAMILY = "1,2";
				TEST_TARGET_NAME = testproject;
			};
			name = Debug;
		};
		E7C2602923C86E09007BE6A6 /* Release */ = {
			isa = XCBuildConfiguration;
			buildSettings = {
				ALWAYS_EMBED_SWIFT_STANDARD_LIBRARIES = YES;
				CODE_SIGN_STYLE = Automatic;
				INFOPLIST_FILE = testprojectUITests/Info.plist;
				LD_RUNPATH_SEARCH_PATHS = (
					"$(inherited)",
					"@executable_path/Frameworks",
					"@loader_path/Frameworks",
				);
				PRODUCT_BUNDLE_IDENTIFIER = com.product.testprojectUITests;
				PRODUCT_NAME = "$(TARGET_NAME)";
				SWIFT_VERSION = 5.0;
				TARGETED_DEVICE_FAMILY = "1,2";
				TEST_TARGET_NAME = testproject;
			};
			name = Release;
		};
/* End XCBuildConfiguration section */

/* Begin XCConfigurationList section */
		E7C25FF223C86E08007BE6A6 /* Build configuration list for PBXProject "testproject" */ = {
			isa = XCConfigurationList;
			buildConfigurations = (
				E7C2601F23C86E09007BE6A6 /* Debug */,
				E7C2602023C86E09007BE6A6 /* Release */,
			);
			defaultConfigurationIsVisible = 0;
			defaultConfigurationName = Release;
		};
		E7C2602123C86E09007BE6A6 /* Build configuration list for PBXNativeTarget "testproject" */ = {
			isa = XCConfigurationList;
			buildConfigurations = (
				E7C2602223C86E09007BE6A6 /* Debug */,
				E7C2602323C86E09007BE6A6 /* Release */,
			);
			defaultConfigurationIsVisible = 0;
			defaultConfigurationName = Release;
		};
		E7C2602423C86E09007BE6A6 /* Build configuration list for PBXNativeTarget "testprojectTests" */ = {
			isa = XCConfigurationList;
			buildConfigurations = (
				E7C2602523C86E09007BE6A6 /* Debug */,
				E7C2602623C86E09007BE6A6 /* Release */,
			);
			defaultConfigurationIsVisible = 0;
			defaultConfigurationName = Release;
		};
		E7C2602723C86E09007BE6A6 /* Build configuration list for PBXNativeTarget "testprojectUITests" */ = {
			isa = XCConfigurationList;
			buildConfigurations = (
				E7C2602823C86E09007BE6A6 /* Debug */,
				E7C2602923C86E09007BE6A6 /* Release */,
			);
			defaultConfigurationIsVisible = 0;
			defaultConfigurationName = Release;
		};
/* End XCConfigurationList section */
	};
	rootObject = E7C25FEF23C86E08007BE6A6 /* Project object */;
}
